
Microsoft Visual Studio Solution File, Format Version 11.00
# Visual Studio 2010
Project("{FAE04EC0-301F-11D3-BF4B-00C04F79EFBC}") = "WcfSoapService", "WcfSoapService\WcfSoapService.csproj", "{B0B099C0-F477-4101-AA38-53BFE5E31432}"
EndProject
Project("{FAE04EC0-301F-11D3-BF4B-00C04F79EFBC}") = "WcfServiceClient", "WcfServiceClient\WcfServiceClient.csproj", "{3765AE3A-0EA0-4704-8F8E-FFB05CAB2346}"
EndProject
Global
	GlobalSection(SolutionConfigurationPlatforms) = preSolution
		Debug|Any CPU = Debug|Any CPU
		Release|Any CPU = Release|Any CPU
	EndGlobalSection
	GlobalSection(ProjectConfigurationPlatforms) = postSolution
		{B0B099C0-F477-4101-AA38-53BFE5E31432}.Debug|Any CPU.ActiveCfg = Debug|Any CPU
		{B0B099C0-F477-4101-AA38-53BFE5E31432}.Debug|Any CPU.Build.0 = Debug|Any CPU
		{B0B099C0-F477-4101-AA38-53BFE5E31432}.Release|Any CPU.ActiveCfg = Release|Any CPU
		{B0B099C0-F477-4101-AA38-53BFE5E31432}.Release|Any CPU.Build.0 = Release|Any CPU
		{3765AE3A-0EA0-4704-8F8E-FFB05CAB2346}.Debug|Any CPU.ActiveCfg = Debug|Any CPU
		{3765AE3A-0EA0-4704-8F8E-FFB05CAB2346}.Debug|Any CPU.Build.0 = Debug|Any CPU
		{3765AE3A-0EA0-4704-8F8E-FFB05CAB2346}.Release|Any CPU.ActiveCfg = Release|Any CPU
		{3765AE3A-0EA0-4704-8F8E-FFB05CAB2346}.Release|Any CPU.Build.0 = Release|Any CPU
	EndGlobalSection
	GlobalSection(SolutionProperties) = preSolution
		HideSolutionNode = FALSE
	EndGlobalSection
EndGlobal
